# THIS IS AN AUTOGENERATED FILE. DO NOT EDIT THIS FILE DIRECTLY.
# yarn lockfile v1


"asap@~2.0.3":
  "integrity" "sha512-BSHWgDSAiKs50o2Re8ppvp3seVHXSRM44cdSsT9FfNEUUZLOGWVCsiWaRPWM1Znn+mqZ1OfVZ3z3DWEzSp7hRA=="
  "resolved" "https://registry.npmjs.org/asap/-/asap-2.0.6.tgz"
  "version" "2.0.6"

"core-js@^1.0.0":
  "integrity" "sha512-ZiPp9pZlgxpWRu0M+YWbm6+aQ84XEfH1JRXvfOc/fILWI0VKhLC2LX13X1NYq4fULzLMq7Hfh43CSo2/aIaUPA=="
  "resolved" "https://registry.npmjs.org/core-js/-/core-js-1.2.7.tgz"
  "version" "1.2.7"

"encoding@^0.1.11":
  "integrity" "sha512-bl1LAgiQc4ZWr++pNYUdRe/alecaHFeHxIJ/pNciqGdKXghaTCOwKkbKp6ye7pKZGu/GcaSXFk8PBVhgs+dJdA=="
  "resolved" "https://registry.npmjs.org/encoding/-/encoding-0.1.12.tgz"
  "version" "0.1.12"
  dependencies:
    "iconv-lite" "~0.4.13"

"fbjs@^0.8.16":
  "integrity" "sha512-aBYyNVAYCflJW33HrULyXsA9CeNEMA989bFvOWJufFddHf7nENaiTIS4BbFGkBpKMMlTSTemgsVbYH+3iSQPiQ=="
  "resolved" "https://registry.npmjs.org/fbjs/-/fbjs-0.8.16.tgz"
  "version" "0.8.16"
  dependencies:
    "core-js" "^1.0.0"
    "isomorphic-fetch" "^2.1.1"
    "loose-envify" "^1.0.0"
    "object-assign" "^4.1.0"
    "promise" "^7.1.1"
    "setimmediate" "^1.0.5"
    "ua-parser-js" "^0.7.9"

"iconv-lite@~0.4.13":
  "integrity" "sha512-oTZqweIP51xaGPI4uPa56/Pri/480R+mo7SeU+YETByQNhDG55ycFyNLIgta9vXhILrxXDmF7ZGhqZIcuN0gJQ=="
  "resolved" "https://registry.npmjs.org/iconv-lite/-/iconv-lite-0.4.19.tgz"
  "version" "0.4.19"

"is-stream@^1.0.1":
  "integrity" "sha512-uQPm8kcs47jx38atAcWTVxyltQYoPT68y9aWYdV6yWXSyW8mzSat0TL6CiWdZeCdF3KrAvpVtnHbTv4RN+rqdQ=="
  "resolved" "https://registry.npmjs.org/is-stream/-/is-stream-1.1.0.tgz"
  "version" "1.1.0"

"isomorphic-fetch@^2.1.1":
  "integrity" "sha512-9c4TNAKYXM5PRyVcwUZrF3W09nQ+sO7+jydgs4ZGW9dhsLG2VOlISJABombdQqQRXCwuYG3sYV/puGf5rp0qmA=="
  "resolved" "https://registry.npmjs.org/isomorphic-fetch/-/isomorphic-fetch-2.2.1.tgz"
  "version" "2.2.1"
  dependencies:
    "node-fetch" "^1.0.1"
    "whatwg-fetch" ">=0.10.0"

"js-tokens@^3.0.0":
  "integrity" "sha512-RjTcuD4xjtthQkaWH7dFlH85L+QaVtSoOyGdZ3g6HFhS9dFNDfLyqgm2NFe2X6cQpeFmt0452FJjFG5UameExg=="
  "resolved" "https://registry.npmjs.org/js-tokens/-/js-tokens-3.0.2.tgz"
  "version" "3.0.2"

"lodash@^4.17.13":
  "integrity" "sha512-8xOcRHvCjnocdS5cpwXQXVzmmh5e5+saE2QGoeQmbKmRS6J3VQppPOIt0MnmE+4xlZoumy0GPG0D0MVIQbNA1A=="
  "resolved" "https://registry.npmjs.org/lodash/-/lodash-4.17.15.tgz"
  "version" "4.17.15"

"loose-envify@^1.0.0", "loose-envify@^1.3.1":
  "integrity" "sha512-iG/U770U9HaHmy0u+fSyxSIclZ3d9WPFtGjV2drWW0SthBnQ1Fa/SCKIaGLAVwYzrBGEPx9gen047er+MCUgnQ=="
  "resolved" "https://registry.npmjs.org/loose-envify/-/loose-envify-1.3.1.tgz"
  "version" "1.3.1"
  dependencies:
    "js-tokens" "^3.0.0"

"node-fetch@^1.0.1":
  "integrity" "sha512-NhZ4CsKx7cYm2vSrBAr2PvFOe6sWDf0UYLRqA6svUYg7+/TSfVAu49jYC4BvQ4Sms9SZgdqGBgroqfDhJdTyKQ=="
  "resolved" "https://registry.npmjs.org/node-fetch/-/node-fetch-1.7.3.tgz"
  "version" "1.7.3"
  dependencies:
    "encoding" "^0.1.11"
    "is-stream" "^1.0.1"

"object-assign@^4.1.0", "object-assign@^4.1.1":
  "integrity" "sha512-rJgTQnkUnH1sFw8yT6VSU3zD3sWmu6sZhIseY8VX+GRu3P6F7Fu+JNDoXfklElbLJSnc3FUQHVe4cU5hj+BcUg=="
  "resolved" "https://registry.npmjs.org/object-assign/-/object-assign-4.1.1.tgz"
  "version" "4.1.1"

"promise@^7.1.1":
  "integrity" "sha512-nolQXZ/4L+bP/UGlkfaIujX9BKxGwmQ9OT4mOt5yvy8iK1h3wqTEJCijzGANTCCl9nWjY41juyAn2K3Q1hLLTg=="
  "resolved" "https://registry.npmjs.org/promise/-/promise-7.3.1.tgz"
  "version" "7.3.1"
  dependencies:
    "asap" "~2.0.3"

"prop-types@^15.5.8":
  "integrity" "sha512-H16NHdiZ8szYSKNkCpmKmS8BCogxyABjJ1AqQknIY2iTpy1xC04egoBAzjKm+WU2pbuNxFonw921dnxR0QYAdw=="
  "resolved" "https://registry.npmjs.org/prop-types/-/prop-types-15.6.0.tgz"
  "version" "15.6.0"
  dependencies:
    "fbjs" "^0.8.16"
    "loose-envify" "^1.3.1"
    "object-assign" "^4.1.1"

"react-native-countdown-component@^2.7.1":
  "integrity" "sha512-H7D/YvMjY1hCJf9xFrNh5CsIwkcel/Suno2gYR6ulWwoa2xnUgmltFWoMyEIODsUy7lIK1KCPm+Zn26QajbRaw=="
  "resolved" "https://registry.npmjs.org/react-native-countdown-component/-/react-native-countdown-component-2.7.1.tgz"
  "version" "2.7.1"
  dependencies:
    "lodash" "^4.17.13"
    "prop-types" "^15.5.8"
    "sprintf-js" "^1.1.1"

"setimmediate@^1.0.5":
  "integrity" "sha512-MATJdZp8sLqDl/68LfQmbP8zKPLQNV6BIZoIgrscFDQ+RsvK/BxeDQOgyxKKoh0y/8h3BqVFnCqQ/gd+reiIXA=="
  "resolved" "https://registry.npmjs.org/setimmediate/-/setimmediate-1.0.5.tgz"
  "version" "1.0.5"

"sprintf-js@^1.1.1":
  "integrity" "sha512-h/U+VScR2Ft+aXDjGTLtguUEIrYuOjTj79BAOElUvdahYMaaa7SNLjJpOIn+Uzt0hsgHfYvlbcno3e9yXOSo8Q=="
  "resolved" "https://registry.npmjs.org/sprintf-js/-/sprintf-js-1.1.1.tgz"
  "version" "1.1.1"

"ua-parser-js@^0.7.9":
  "integrity" "sha512-uRdSdu1oA1rncCQL7sCj8vSyZkgtL7faaw9Tc9rZ3mGgraQ7+Pdx7w5mnOSF3gw9ZNG6oc+KXfkon3bKuROm0g=="
  "resolved" "https://registry.npmjs.org/ua-parser-js/-/ua-parser-js-0.7.17.tgz"
  "version" "0.7.17"

"whatwg-fetch@>=0.10.0":
  "integrity" "sha512-SA2KdOXATOroD3EBUYvcdugsusXS5YiQFqwskSbsp5b1gK8HpNi/YP0jcy/BDpdllp305HMnrsVf9K7Be9GiEQ=="
  "resolved" "https://registry.npmjs.org/whatwg-fetch/-/whatwg-fetch-2.0.3.tgz"
  "version" "2.0.3"
